// !$*UTF8*$!
{
	archiveVersion = 1;
	classes = {
	};
	objectVersion = 50;
	objects = {

/* Begin PBXBuildFile section */
		490D7EAF23D8DBEC00F4928A /* AppDelegate.swift in Sources */ = {isa = PBXBuildFile; fileRef = 490D7EAE23D8DBEC00F4928A /* AppDelegate.swift */; };
		490D7EB123D8DBEC00F4928A /* SceneDelegate.swift in Sources */ = {isa = PBXBuildFile; fileRef = 490D7EB023D8DBEC00F4928A /* SceneDelegate.swift */; };
		490D7EB323D8DBEC00F4928A /* ContentView.swift in Sources */ = {isa = PBXBuildFile; fileRef = 490D7EB223D8DBEC00F4928A /* ContentView.swift */; };
		490D7EB523D8DBED00F4928A /* Assets.xcassets in Resources */ = {isa = PBXBuildFile; fileRef = 490D7EB423D8DBED00F4928A /* Assets.xcassets */; };
		490D7EB823D8DBED00F4928A /* Preview Assets.xcassets in Resources */ = {isa = PBXBuildFile; fileRef = 490D7EB723D8DBED00F4928A /* Preview Assets.xcassets */; };
		490D7EBB23D8DBED00F4928A /* LaunchScreen.storyboard in Resources */ = {isa = PBXBuildFile; fileRef = 490D7EB923D8DBED00F4928A /* LaunchScreen.storyboard */; };
/* End PBXBuildFile section */

/* Begin PBXFileReference section */
		490D7EAB23D8DBEC00F4928A /* BeaconDetectorVersionOne.app */ = {isa = PBXFileReference; explicitFileType = wrapper.application; includeInIndex = 0; path = BeaconDetectorVersionOne.app; sourceTree = BUILT_PRODUCTS_DIR; };
		490D7EAE23D8DBEC00F4928A /* AppDelegate.swift */ = {isa = PBXFileReference; lastKnownFileType = sourcecode.swift; path = AppDelegate.swift; sourceTree = "<group>"; };
		490D7EB023D8DBEC00F4928A /* SceneDelegate.swift */ = {isa = PBXFileReference; lastKnownFileType = sourcecode.swift; path = SceneDelegate.swift; sourceTree = "<group>"; };
		490D7EB223D8DBEC00F4928A /* ContentView.swift */ = {isa = PBXFileReference; lastKnownFileType = sourcecode.swift; path = ContentView.swift; sourceTree = "<group>"; };
		490D7EB423D8DBED00F4928A /* Assets.xcassets */ = {isa = PBXFileReference; lastKnownFileType = folder.assetcatalog; path = Assets.xcassets; sourceTree = "<group>"; };
		490D7EB723D8DBED00F4928A /* Preview Assets.xcassets */ = {isa = PBXFileReference; lastKnownFileType = folder.assetcatalog; path = "Preview Assets.xcassets"; sourceTree = "<group>"; };
		490D7EBA23D8DBED00F4928A /* Base */ = {isa = PBXFileReference; lastKnownFileType = file.storyboard; name = Base; path = Base.lproj/LaunchScreen.storyboard; sourceTree = "<group>"; };
		490D7EBC23D8DBED00F4928A /* Info.plist */ = {isa = PBXFileReference; lastKnownFileType = text.plist.xml; path = Info.plist; sourceTree = "<group>"; };
/* End PBXFileReference section */

/* Begin PBXFrameworksBuildPhase section */
		490D7EA823D8DBEC00F4928A /* Frameworks */ = {
			isa = PBXFrameworksBuildPhase;
			buildActionMask = 2147483647;
			files = (
			);
			runOnlyForDeploymentPostprocessing = 0;
		};
/* End PBXFrameworksBuildPhase section */

/* Begin PBXGroup section */
		490D7EA223D8DBEC00F4928A = {
			isa = PBXGroup;
			children = (
				490D7EAD23D8DBEC00F4928A /* BeaconDetectorVersionOne */,
				490D7EAC23D8DBEC00F4928A /* Products */,
			);
			sourceTree = "<group>";
		};
		490D7EAC23D8DBEC00F4928A /* Products */ = {
			isa = PBXGroup;
			children = (
				490D7EAB23D8DBEC00F4928A /* BeaconDetectorVersionOne.app */,
			);
			name = Products;
			sourceTree = "<group>";
		};
		490D7EAD23D8DBEC00F4928A /* BeaconDetectorVersionOne */ = {
			isa = PBXGroup;
			children = (
				490D7EAE23D8DBEC00F4928A /* AppDelegate.swift */,
				490D7EB023D8DBEC00F4928A /* SceneDelegate.swift */,
				490D7EB223D8DBEC00F4928A /* ContentView.swift */,
				490D7EB423D8DBED00F4928A /* Assets.xcassets */,
				490D7EB923D8DBED00F4928A /* LaunchScreen.storyboard */,
				490D7EBC23D8DBED00F4928A /* Info.plist */,
				490D7EB623D8DBED00F4928A /* Preview Content */,
			);
			path = BeaconDetectorVersionOne;
			sourceTree = "<group>";
		};
		490D7EB623D8DBED00F4928A /* Preview Content */ = {
			isa = PBXGroup;
			children = (
				490D7EB723D8DBED00F4928A /* Preview Assets.xcassets */,
			);
			path = "Preview Content";
			sourceTree = "<group>";
		};
/* End PBXGroup section */

/* Begin PBXNativeTarget section */
		490D7EAA23D8DBEC00F4928A /* BeaconDetectorVersionOne */ = {
			isa = PBXNativeTarget;
			buildConfigurationList = 490D7EBF23D8DBED00F4928A /* Build configuration list for PBXNativeTarget "BeaconDetectorVersionOne" */;
			buildPhases = (
				490D7EA723D8DBEC00F4928A /* Sources */,
				490D7EA823D8DBEC00F4928A /* Frameworks */,
				490D7EA923D8DBEC00F4928A /* Resources */,
			);
			buildRules = (
			);
			dependencies = (
			);
			name = BeaconDetectorVersionOne;
			productName = BeaconDetectorVersionOne;
			productReference = 490D7EAB23D8DBEC00F4928A /* BeaconDetectorVersionOne.app */;
			productType = "com.apple.product-type.application";
		};
/* End PBXNativeTarget section */

/* Begin PBXProject section */
		490D7EA323D8DBEC00F4928A /* Project object */ = {
			isa = PBXProject;
			attributes = {
				LastSwiftUpdateCheck = 1130;
				LastUpgradeCheck = 1130;
				ORGANIZATIONNAME = TESTING;
				TargetAttributes = {
					490D7EAA23D8DBEC00F4928A = {
						CreatedOnToolsVersion = 11.3.1;
					};
				};
			};
			buildConfigurationList = 490D7EA623D8DBEC00F4928A /* Build configuration list for PBXProject "BeaconDetectorVersionOne" */;
			compatibilityVersion = "Xcode 9.3";
			developmentRegion = en;
			hasScannedForEncodings = 0;
			knownRegions = (
				en,
				Base,
			);
			mainGroup = 490D7EA223D8DBEC00F4928A;
			productRefGroup = 490D7EAC23D8DBEC00F4928A /* Products */;
			projectDirPath = "";
			projectRoot = "";
			targets = (
				490D7EAA23D8DBEC00F4928A /* BeaconDetectorVersionOne */,
			);
		};
/* End PBXProject section */

/* Begin PBXResourcesBuildPhase section */
		490D7EA923D8DBEC00F4928A /* Resources */ = {
			isa = PBXResourcesBuildPhase;
			buildActionMask = 2147483647;
			files = (
				490D7EBB23D8DBED00F4928A /* LaunchScreen.storyboard in Resources */,
				490D7EB823D8DBED00F4928A /* Preview Assets.xcassets in Resources */,
				490D7EB523D8DBED00F4928A /* Assets.xcassets in Resources */,
			);
			runOnlyForDeploymentPostprocessing = 0;
		};
/* End PBXResourcesBuildPhase section */

/* Begin PBXSourcesBuildPhase section */
		490D7EA723D8DBEC00F4928A /* Sources */ = {
			isa = PBXSourcesBuildPhase;
			buildActionMask = 2147483647;
			files = (
				490D7EAF23D8DBEC00F4928A /* AppDelegate.swift in Sources */,
				490D7EB123D8DBEC00F4928A /* SceneDelegate.swift in Sources */,
				490D7EB323D8DBEC00F4928A /* ContentView.swift in Sources */,
			);
			runOnlyForDeploymentPostprocessing = 0;
		};
/* End PBXSourcesBuildPhase section */

/* Begin PBXVariantGroup section */
		490D7EB923D8DBED00F4928A /* LaunchScreen.storyboard */ = {
			isa = PBXVariantGroup;
			children = (
				490D7EBA23D8DBED00F4928A /* Base */,
			);
			name = LaunchScreen.storyboard;
			sourceTree = "<group>";
		};
/* End PBXVariantGroup section */

/* Begin XCBuildConfiguration section */
		490D7EBD23D8DBED00F4928A /* Debug */ = {
			isa = XCBuildConfiguration;
			buildSettings = {
				ALWAYS_SEARCH_USER_PATHS = NO;
				CLANG_ANALYZER_NONNULL = YES;
				CLANG_ANALYZER_NUMBER_OBJECT_CONVERSION = YES_AGGRESSIVE;
				CLANG_CXX_LANGUAGE_STANDARD = "gnu++14";
				CLANG_CXX_LIBRARY = "libc++";
				CLANG_ENABLE_MODULES = YES;
				CLANG_ENABLE_OBJC_ARC = YES;
				CLANG_ENABLE_OBJC_WEAK = YES;
				CLANG_WARN_BLOCK_CAPTURE_AUTORELEASING = YES;
				CLANG_WARN_BOOL_CONVERSION = YES;
				CLANG_WARN_COMMA = YES;
				CLANG_WARN_CONSTANT_CONVERSION = YES;
				CLANG_WARN_DEPRECATED_OBJC_IMPLEMENTATIONS = YES;
				CLANG_WARN_DIRECT_OBJC_ISA_USAGE = YES_ERROR;
				CLANG_WARN_DOCUMENTATION_COMMENTS = YES;
				CLANG_WARN_EMPTY_BODY = YES;
				CLANG_WARN_ENUM_CONVERSION = YES;
				CLANG_WARN_INFINITE_RECURSION = YES;
				CLANG_WARN_INT_CONVERSION = YES;
				CLANG_WARN_NON_LITERAL_NULL_CONVERSION = YES;
				CLANG_WARN_OBJC_IMPLICIT_RETAIN_SELF = YES;
				CLANG_WARN_OBJC_LITERAL_CONVERSION = YES;
				CLANG_WARN_OBJC_ROOT_CLASS = YES_ERROR;
				CLANG_WARN_RANGE_LOOP_ANALYSIS = YES;
				CLANG_WARN_STRICT_PROTOTYPES = YES;
				CLANG_WARN_SUSPICIOUS_MOVE = YES;
				CLANG_WARN_UNGUARDED_AVAILABILITY = YES_AGGRESSIVE;
				CLANG_WARN_UNREACHABLE_CODE = YES;
				CLANG_WARN__DUPLICATE_METHOD_MATCH = YES;
				COPY_PHASE_STRIP = NO;
				DEBUG_INFORMATION_FORMAT = dwarf;
				ENABLE_STRICT_OBJC_MSGSEND = YES;
				ENABLE_TESTABILITY = YES;
				GCC_C_LANGUAGE_STANDARD = gnu11;
				GCC_DYNAMIC_NO_PIC = NO;
				GCC_NO_COMMON_BLOCKS = YES;
				GCC_OPTIMIZATION_LEVEL = 0;
				GCC_PREPROCESSOR_DEFINITIONS = (
					"DEBUG=1",
					"$(inherited)",
				);
				GCC_WARN_64_TO_32_BIT_CONVERSION = YES;
				GCC_WARN_ABOUT_RETURN_TYPE = YES_ERROR;
				GCC_WARN_UNDECLARED_SELECTOR = YES;
				GCC_WARN_UNINITIALIZED_AUTOS = YES_AGGRESSIVE;
				GCC_WARN_UNUSED_FUNCTION = YES;
				GCC_WARN_UNUSED_VARIABLE = YES;
				IPHONEOS_DEPLOYMENT_TARGET = 13.2;
				MTL_ENABLE_DEBUG_INFO = INCLUDE_SOURCE;
				MTL_FAST_MATH = YES;
				ONLY_ACTIVE_ARCH = YES;
				SDKROOT = iphoneos;
				SWIFT_ACTIVE_COMPILATION_CONDITIONS = DEBUG;
				SWIFT_OPTIMIZATION_LEVEL = "-Onone";
			};
			name = Debug;
		};
		490D7EBE23D8DBED00F4928A /* Release */ = {
			isa = XCBuildConfiguration;
			buildSettings = {
				ALWAYS_SEARCH_USER_PATHS = NO;
				CLANG_ANALYZER_NONNULL = YES;
				CLANG_ANALYZER_NUMBER_OBJECT_CONVERSION = YES_AGGRESSIVE;
				CLANG_CXX_LANGUAGE_STANDARD = "gnu++14";
				CLANG_CXX_LIBRARY = "libc++";
				CLANG_ENABLE_MODULES = YES;
				CLANG_ENABLE_OBJC_ARC = YES;
				CLANG_ENABLE_OBJC_WEAK = YES;
				CLANG_WARN_BLOCK_CAPTURE_AUTORELEASING = YES;
				CLANG_WARN_BOOL_CONVERSION = YES;
				CLANG_WARN_COMMA = YES;
				CLANG_WARN_CONSTANT_CONVERSION = YES;
				CLANG_WARN_DEPRECATED_OBJC_IMPLEMENTATIONS = YES;
				CLANG_WARN_DIRECT_OBJC_ISA_USAGE = YES_ERROR;
				CLANG_WARN_DOCUMENTATION_COMMENTS = YES;
				CLANG_WARN_EMPTY_BODY = YES;
				CLANG_WARN_ENUM_CONVERSION = YES;
				CLANG_WARN_INFINITE_RECURSION = YES;
				CLANG_WARN_INT_CONVERSION = YES;
				CLANG_WARN_NON_LITERAL_NULL_CONVERSION = YES;
				CLANG_WARN_OBJC_IMPLICIT_RETAIN_SELF = YES;
				CLANG_WARN_OBJC_LITERAL_CONVERSION = YES;
				CLANG_WARN_OBJC_ROOT_CLASS = YES_ERROR;
				CLANG_WARN_RANGE_LOOP_ANALYSIS = YES;
				CLANG_WARN_STRICT_PROTOTYPES = YES;
				CLANG_WARN_SUSPICIOUS_MOVE = YES;
				CLANG_WARN_UNGUARDED_AVAILABILITY = YES_AGGRESSIVE;
				CLANG_WARN_UNREACHABLE_CODE = YES;
				CLANG_WARN__DUPLICATE_METHOD_MATCH = YES;
				COPY_PHASE_STRIP = NO;
				DEBUG_INFORMATION_FORMAT = "dwarf-with-dsym";
				ENABLE_NS_ASSERTIONS = NO;
				ENABLE_STRICT_OBJC_MSGSEND = YES;
				GCC_C_LANGUAGE_STANDARD = gnu11;
				GCC_NO_COMMON_BLOCKS = YES;
				GCC_WARN_64_TO_32_BIT_CONVERSION = YES;
				GCC_WARN_ABOUT_RETURN_TYPE = YES_ERROR;
				GCC_WARN_UNDECLARED_SELECTOR = YES;
				GCC_WARN_UNINITIALIZED_AUTOS = YES_AGGRESSIVE;
				GCC_WARN_UNUSED_FUNCTION = YES;
				GCC_WARN_UNUSED_VARIABLE = YES;
				IPHONEOS_DEPLOYMENT_TARGET = 13.2;
				MTL_ENABLE_DEBUG_INFO = NO;
				MTL_FAST_MATH = YES;
				SDKROOT = iphoneos;
				SWIFT_COMPILATION_MODE = wholemodule;
				SWIFT_OPTIMIZATION_LEVEL = "-O";
				VALIDATE_PRODUCT = YES;
			};
			name = Release;
		};
		490D7EC023D8DBED00F4928A /* Debug */ = {
			isa = XCBuildConfiguration;
			buildSettings = {
				ASSETCATALOG_COMPILER_APPICON_NAME = AppIcon;
				CODE_SIGN_STYLE = Automatic;
				DEVELOPMENT_ASSET_PATHS = "\"BeaconDetectorVersionOne/Preview Content\"";
				DEVELOPMENT_TEAM = HGR8R2NFFY;
				ENABLE_PREVIEWS = YES;
				INFOPLIST_FILE = BeaconDetectorVersionOne/Info.plist;
				LD_RUNPATH_SEARCH_PATHS = (
					"$(inherited)",
					"@executable_path/Frameworks",
				);
				PRODUCT_BUNDLE_IDENTIFIER = Diplomka.BeaconDetectorVersionOne;
				PRODUCT_NAME = "$(TARGET_NAME)";
				SWIFT_VERSION = 5.0;
				TARGETED_DEVICE_FAMILY = "1,2";
			};
			name = Debug;
		};
		490D7EC123D8DBED00F4928A /* Release */ = {
			isa = XCBuildConfiguration;
			buildSettings = {
				ASSETCATALOG_COMPILER_APPICON_NAME = AppIcon;
				CODE_SIGN_STYLE = Automatic;
				DEVELOPMENT_ASSET_PATHS = "\"BeaconDetectorVersionOne/Preview Content\"";
				DEVELOPMENT_TEAM = HGR8R2NFFY;
				ENABLE_PREVIEWS = YES;
				INFOPLIST_FILE = BeaconDetectorVersionOne/Info.plist;
				LD_RUNPATH_SEARCH_PATHS = (
					"$(inherited)",
					"@executable_path/Frameworks",
				);
				PRODUCT_BUNDLE_IDENTIFIER = Diplomka.BeaconDetectorVersionOne;
				PRODUCT_NAME = "$(TARGET_NAME)";
				SWIFT_VERSION = 5.0;
				TARGETED_DEVICE_FAMILY = "1,2";
			};
			name = Release;
		};
/* End XCBuildConfiguration section */

/* Begin XCConfigurationList section */
		490D7EA623D8DBEC00F4928A /* Build configuration list for PBXProject "BeaconDetectorVersionOne" */ = {
			isa = XCConfigurationList;
			buildConfigurations = (
				490D7EBD23D8DBED00F4928A /* Debug */,
				490D7EBE23D8DBED00F4928A /* Release */,
			);
			defaultConfigurationIsVisible = 0;
			defaultConfigurationName = Release;
		};
		490D7EBF23D8DBED00F4928A /* Build configuration list for PBXNativeTarget "BeaconDetectorVersionOne" */ = {
			isa = XCConfigurationList;
			buildConfigurations = (
				490D7EC023D8DBED00F4928A /* Debug */,
				490D7EC123D8DBED00F4928A /* Release */,
			);
			defaultConfigurationIsVisible = 0;
			defaultConfigurationName = Release;
		};
/* End XCConfigurationList section */
	};
	rootObject = 490D7EA323D8DBEC00F4928A /* Project object */;
}
